
Microsoft Visual Studio Solution File, Format Version 12.00
# Visual Studio Version 16
VisualStudioVersion = 16.0.29728.190
MinimumVisualStudioVersion = 10.0.40219.1
Project("{FAE04EC0-301F-11D3-BF4B-00C04F79EFBC}") = "Zeta.TecDoc.Api.Examples.Net", "Zeta.TecDoc.Api.Examples.Net\Zeta.TecDoc.Api.Examples.Net.csproj", "{B2BDCCF3-663B-4C21-B0E6-2774F86142E0}"
EndProject
Project("{9092AA53-FB77-4645-B42D-1CCCA6BD08BD}") = "Zeta.TecDoc.Api.Examples.JavaScript", "Zeta.TecDoc.Api.Examples.JavaScript\Zeta.TecDoc.Api.Examples.JavaScript.njsproj", "{8638A2AB-C783-4B6B-9E95-A29F5764FFD5}"
EndProject
Global
	GlobalSection(SolutionConfigurationPlatforms) = preSolution
		Debug|Any CPU = Debug|Any CPU
		Release|Any CPU = Release|Any CPU
	EndGlobalSection
	GlobalSection(ProjectConfigurationPlatforms) = postSolution
		{B2BDCCF3-663B-4C21-B0E6-2774F86142E0}.Debug|Any CPU.ActiveCfg = Debug|Any CPU
		{B2BDCCF3-663B-4C21-B0E6-2774F86142E0}.Debug|Any CPU.Build.0 = Debug|Any CPU
		{B2BDCCF3-663B-4C21-B0E6-2774F86142E0}.Release|Any CPU.ActiveCfg = Release|Any CPU
		{B2BDCCF3-663B-4C21-B0E6-2774F86142E0}.Release|Any CPU.Build.0 = Release|Any CPU
		{8638A2AB-C783-4B6B-9E95-A29F5764FFD5}.Debug|Any CPU.ActiveCfg = Debug|Any CPU
		{8638A2AB-C783-4B6B-9E95-A29F5764FFD5}.Debug|Any CPU.Build.0 = Debug|Any CPU
		{8638A2AB-C783-4B6B-9E95-A29F5764FFD5}.Release|Any CPU.ActiveCfg = Release|Any CPU
		{8638A2AB-C783-4B6B-9E95-A29F5764FFD5}.Release|Any CPU.Build.0 = Release|Any CPU
	EndGlobalSection
	GlobalSection(SolutionProperties) = preSolution
		HideSolutionNode = FALSE
	EndGlobalSection
	GlobalSection(ExtensibilityGlobals) = postSolution
		SolutionGuid = {882AADDF-5BA0-4F1B-890A-4801B6835AA1}
	EndGlobalSection
EndGlobal
